{
  "socketPath": "/tmp/mcp-IEFSz3/mcp.sock",
  "scheme": "unix",
  "headers": {
    "Authorization": "Nonce c4313752-fe8c-4e9d-a2cf-2ef361f29851"
  },
  "pid": 4038161,
  "ideName": "Visual Studio Code",
  "timestamp": 1773329547746,
  "workspaceFolders": [
    "/home/leslie/Projects/VLM_LGP"
  ],
  "isTrusted": true
}