{
  "socketPath": "/tmp/mcp-Nj6Neg/mcp.sock",
  "scheme": "unix",
  "headers": {
    "Authorization": "Nonce 9167a622-743c-4e46-b8b7-93371cf4a19a"
  },
  "pid": 4114851,
  "ideName": "Visual Studio Code",
  "timestamp": 1773333700252,
  "workspaceFolders": [
    "/home/leslie/.agents/skills/drawio-graph-builder/templates"
  ],
  "isTrusted": true
}